
Microsoft Visual Studio Solution File, Format Version 12.00
# Visual Studio Version 16
VisualStudioVersion = 16.0.29215.179
MinimumVisualStudioVersion = 10.0.40219.1
Project("{FAE04EC0-301F-11D3-BF4B-00C04F79EFBC}") = "YIUCompressTest", "YIUCompressTest.csproj", "{180E3CBD-09D7-4955-8967-085B13AF857C}"
EndProject
Global
	GlobalSection(SolutionConfigurationPlatforms) = preSolution
		Debug|Any CPU = Debug|Any CPU
		Release|Any CPU = Release|Any CPU
	EndGlobalSection
	GlobalSection(ProjectConfigurationPlatforms) = postSolution
		{180E3CBD-09D7-4955-8967-085B13AF857C}.Debug|Any CPU.ActiveCfg = Debug|Any CPU
		{180E3CBD-09D7-4955-8967-085B13AF857C}.Debug|Any CPU.Build.0 = Debug|Any CPU
		{180E3CBD-09D7-4955-8967-085B13AF857C}.Release|Any CPU.ActiveCfg = Release|Any CPU
		{180E3CBD-09D7-4955-8967-085B13AF857C}.Release|Any CPU.Build.0 = Release|Any CPU
	EndGlobalSection
	GlobalSection(SolutionProperties) = preSolution
		HideSolutionNode = FALSE
	EndGlobalSection
	GlobalSection(ExtensibilityGlobals) = postSolution
		SolutionGuid = {825D3341-8B75-4789-9791-078A7ECA9712}
	EndGlobalSection
EndGlobal
